
Microsoft Visual Studio Solution File, Format Version 12.00
# Visual Studio Version 17
VisualStudioVersion = 17.3.32811.315
MinimumVisualStudioVersion = 10.0.40219.1
Project("{FAE04EC0-301F-11D3-BF4B-00C04F79EFBC}") = "Hastane_Otomasyon_Projesi", "Hastane_Otomasyon_Projesi\Hastane_Otomasyon_Projesi.csproj", "{03DF70EB-D049-4980-8351-7B51F987A886}"
EndProject
Global
	GlobalSection(SolutionConfigurationPlatforms) = preSolution
		Debug|Any CPU = Debug|Any CPU
		Release|Any CPU = Release|Any CPU
	EndGlobalSection
	GlobalSection(ProjectConfigurationPlatforms) = postSolution
		{03DF70EB-D049-4980-8351-7B51F987A886}.Debug|Any CPU.ActiveCfg = Debug|Any CPU
		{03DF70EB-D049-4980-8351-7B51F987A886}.Debug|Any CPU.Build.0 = Debug|Any CPU
		{03DF70EB-D049-4980-8351-7B51F987A886}.Release|Any CPU.ActiveCfg = Release|Any CPU
		{03DF70EB-D049-4980-8351-7B51F987A886}.Release|Any CPU.Build.0 = Release|Any CPU
	EndGlobalSection
	GlobalSection(SolutionProperties) = preSolution
		HideSolutionNode = FALSE
	EndGlobalSection
	GlobalSection(ExtensibilityGlobals) = postSolution
		SolutionGuid = {BE761C4D-8428-40CF-BEFF-396565AEC581}
	EndGlobalSection
EndGlobal
